{
  "name": "aikit-common",
  "version": "0.0.1",
  "lockfileVersion": 3,
  "requires": true,
  "packages": {
    "": {
      "name": "aikit-common",
      "version": "0.0.1",
      "license": "MPL-2.0",
      "dependencies": {
        "@sinclair/typebox": "^0.33.0"
      },
      "devDependencies": {
        "@types/firefox-webext-browser": "^120.0.0",
        "typescript": "^5.3.0"
      }
    },
    "node_modules/@sinclair/typebox": {
      "version": "0.33.22",
      "resolved": "https://registry.npmjs.org/@sinclair/typebox/-/typebox-0.33.22.tgz",
      "integrity": "sha512-auUj4k+f4pyrIVf4GW5UKquSZFHJWri06QgARy9C0t9ZTjJLIuNIrr1yl9bWcJWJ1Gz1vOvYN1D+QPaIlNMVkQ==",
      "license": "MIT"
    },
    "node_modules/@types/firefox-webext-browser": {
      "version": "120.0.5",
      "resolved": "https://registry.npmjs.org/@types/firefox-webext-browser/-/firefox-webext-browser-120.0.5.tgz",
      "integrity": "sha512-imn8ecga0HQWcOSvxy9i0lD+7vpHgkj1NVLvXS1lNHqHt03Z4QwazeEdoWe+C9JXpmVyKiRanb+z9D/w001tRg==",
      "dev": true,
      "license": "MIT"
    },
    "node_modules/typescript": {
      "version": "5.9.3",
      "resolved": "https://registry.npmjs.org/typescript/-/typescript-5.9.3.tgz",
      "integrity": "sha512-jl1vZzPDinLr9eUt3J/t7V6FgNEw9QjvBPdysz9KfQDD41fQrC2Y4vKQdiaUpFT4bXlb1RHhLpp8wtm6M5TgSw==",
      "dev": true,
      "license": "Apache-2.0",
      "bin": {
        "tsc": "bin/tsc",
        "tsserver": "bin/tsserver"
      },
      "engines": {
        "node": ">=14.17"
      }
    }
  }
}
